
Microsoft Visual Studio Solution File, Format Version 12.00
# Visual Studio Version 16
VisualStudioVersion = 16.0.28922.388
MinimumVisualStudioVersion = 10.0.40219.1
Project("{FAE04EC0-301F-11D3-BF4B-00C04F79EFBC}") = "LeBonJeu", "LeBonJeu\LeBonJeu.csproj", "{0C654652-DACD-40E4-BFB7-80AF5B4960E3}"
EndProject
Global
	GlobalSection(SolutionConfigurationPlatforms) = preSolution
		Debug|Any CPU = Debug|Any CPU
		Release|Any CPU = Release|Any CPU
	EndGlobalSection
	GlobalSection(ProjectConfigurationPlatforms) = postSolution
		{0C654652-DACD-40E4-BFB7-80AF5B4960E3}.Debug|Any CPU.ActiveCfg = Debug|Any CPU
		{0C654652-DACD-40E4-BFB7-80AF5B4960E3}.Debug|Any CPU.Build.0 = Debug|Any CPU
		{0C654652-DACD-40E4-BFB7-80AF5B4960E3}.Release|Any CPU.ActiveCfg = Release|Any CPU
		{0C654652-DACD-40E4-BFB7-80AF5B4960E3}.Release|Any CPU.Build.0 = Release|Any CPU
	EndGlobalSection
	GlobalSection(SolutionProperties) = preSolution
		HideSolutionNode = FALSE
	EndGlobalSection
	GlobalSection(ExtensibilityGlobals) = postSolution
		SolutionGuid = {10BB4E79-E0F2-407F-A466-553F8CAF062B}
	EndGlobalSection
EndGlobal
