
Microsoft Visual Studio Solution File, Format Version 12.00
# Visual Studio Version 16
VisualStudioVersion = 16.0.30517.126
MinimumVisualStudioVersion = 10.0.40219.1
Project("{FAE04EC0-301F-11D3-BF4B-00C04F79EFBC}") = "TPCDAA", "TPCDAA.csproj", "{CD4256A0-C323-4B0F-A28D-85C629B7DB86}"
EndProject
Global
	GlobalSection(SolutionConfigurationPlatforms) = preSolution
		Debug|Any CPU = Debug|Any CPU
		Release|Any CPU = Release|Any CPU
	EndGlobalSection
	GlobalSection(ProjectConfigurationPlatforms) = postSolution
		{CD4256A0-C323-4B0F-A28D-85C629B7DB86}.Debug|Any CPU.ActiveCfg = Debug|Any CPU
		{CD4256A0-C323-4B0F-A28D-85C629B7DB86}.Debug|Any CPU.Build.0 = Debug|Any CPU
		{CD4256A0-C323-4B0F-A28D-85C629B7DB86}.Release|Any CPU.ActiveCfg = Release|Any CPU
		{CD4256A0-C323-4B0F-A28D-85C629B7DB86}.Release|Any CPU.Build.0 = Release|Any CPU
	EndGlobalSection
	GlobalSection(SolutionProperties) = preSolution
		HideSolutionNode = FALSE
	EndGlobalSection
	GlobalSection(ExtensibilityGlobals) = postSolution
		SolutionGuid = {CF96CA71-3E82-4AB9-8DDC-2BC268DAD5A6}
	EndGlobalSection
EndGlobal
